
Microsoft Visual Studio Solution File, Format Version 12.00
# Visual Studio Version 16
VisualStudioVersion = 16.0.30907.101
MinimumVisualStudioVersion = 10.0.40219.1
Project("{FAE04EC0-301F-11D3-BF4B-00C04F79EFBC}") = "GRPCClient", "GRPCClient\GRPCClient.csproj", "{DA900B3A-10AA-46B8-9624-80D642DA7802}"
EndProject
Project("{FAE04EC0-301F-11D3-BF4B-00C04F79EFBC}") = "GrpcServiceSample", "GrpcServiceSample\GrpcServiceSample.csproj", "{CDCF917C-D780-46B7-B9BF-805B9B4856A1}"
EndProject
Project("{FAE04EC0-301F-11D3-BF4B-00C04F79EFBC}") = "SampleAPI", "SampleAPI\SampleAPI.csproj", "{38A7D944-8883-4AB4-88F6-0061698AEED5}"
EndProject
Global
	GlobalSection(SolutionConfigurationPlatforms) = preSolution
		Debug|Any CPU = Debug|Any CPU
		Release|Any CPU = Release|Any CPU
	EndGlobalSection
	GlobalSection(ProjectConfigurationPlatforms) = postSolution
		{DA900B3A-10AA-46B8-9624-80D642DA7802}.Debug|Any CPU.ActiveCfg = Debug|Any CPU
		{DA900B3A-10AA-46B8-9624-80D642DA7802}.Debug|Any CPU.Build.0 = Debug|Any CPU
		{DA900B3A-10AA-46B8-9624-80D642DA7802}.Release|Any CPU.ActiveCfg = Release|Any CPU
		{DA900B3A-10AA-46B8-9624-80D642DA7802}.Release|Any CPU.Build.0 = Release|Any CPU
		{CDCF917C-D780-46B7-B9BF-805B9B4856A1}.Debug|Any CPU.ActiveCfg = Debug|Any CPU
		{CDCF917C-D780-46B7-B9BF-805B9B4856A1}.Debug|Any CPU.Build.0 = Debug|Any CPU
		{CDCF917C-D780-46B7-B9BF-805B9B4856A1}.Release|Any CPU.ActiveCfg = Release|Any CPU
		{CDCF917C-D780-46B7-B9BF-805B9B4856A1}.Release|Any CPU.Build.0 = Release|Any CPU
		{38A7D944-8883-4AB4-88F6-0061698AEED5}.Debug|Any CPU.ActiveCfg = Debug|Any CPU
		{38A7D944-8883-4AB4-88F6-0061698AEED5}.Debug|Any CPU.Build.0 = Debug|Any CPU
		{38A7D944-8883-4AB4-88F6-0061698AEED5}.Release|Any CPU.ActiveCfg = Release|Any CPU
		{38A7D944-8883-4AB4-88F6-0061698AEED5}.Release|Any CPU.Build.0 = Release|Any CPU
	EndGlobalSection
	GlobalSection(SolutionProperties) = preSolution
		HideSolutionNode = FALSE
	EndGlobalSection
	GlobalSection(ExtensibilityGlobals) = postSolution
		SolutionGuid = {CDBCA2BB-AA7E-4A14-A241-FD58693CB2BE}
	EndGlobalSection
EndGlobal
